{
  "version": 4,
  "terraform_version": "1.10.5",
  "serial": 23,
  "lineage": "60fae7ea-7e4e-230d-a19f-167889baf3d2",
  "outputs": {
    "devsecops_server_private_ip": {
      "value": "172.34.0.86",
      "type": "string"
    },
    "devsecops_server_public_ip": {
      "value": "34.255.139.128",
      "type": "string"
    },
    "jenkins_url": {
      "value": "http://34.255.139.128:8080",
      "type": "string"
    },
    "sonarqube_url": {
      "value": "http://34.255.139.128:9000",
      "type": "string"
    },
    "ssh_command": {
      "value": "ssh -i opsworx-ie.pem ec2-user@34.255.139.128",
      "type": "string"
    },
    "workspace": {
      "value": "default",
      "type": "string"
    }
  },
  "resources": [
    {
      "mode": "data",
      "type": "aws_availability_zones",
      "name": "available",
      "provider": "provider[\"registry.terraform.io/hashicorp/aws\"]",
      "instances": [
        {
          "schema_version": 0,
          "attributes": {
            "all_availability_zones": null,
            "exclude_names": null,
            "exclude_zone_ids": null,
            "filter": null,
            "group_names": [
              "eu-west-1-zg-1"
            ],
            "id": "eu-west-1",
            "names": [
              "eu-west-1a",
              "eu-west-1b",
              "eu-west-1c"
            ],
            "state": "available",
            "timeouts": null,
            "zone_ids": [
              "euw1-az3",
              "euw1-az1",
              "euw1-az2"
            ]
          },
          "sensitive_attributes": []
        }
      ]
    },
    {
      "mode": "data",
      "type": "aws_subnet",
      "name": "private",
      "provider": "provider[\"registry.terraform.io/hashicorp/aws\"]",
      "instances": [
        {
          "schema_version": 0,
          "attributes": {
            "arn": "arn:aws:ec2:eu-west-1:212684282740:subnet/subnet-049089cd5e6586ffd",
            "assign_ipv6_address_on_creation": false,
            "availability_zone": "eu-west-1b",
            "availability_zone_id": "euw1-az1",
            "available_ip_address_count": 251,
            "cidr_block": "172.34.1.0/24",
            "customer_owned_ipv4_pool": "",
            "default_for_az": false,
            "enable_dns64": false,
            "enable_lni_at_device_index": 0,
            "enable_resource_name_dns_a_record_on_launch": false,
            "enable_resource_name_dns_aaaa_record_on_launch": false,
            "filter": [
              {
                "name": "tag:Name",
                "values": [
                  "public-subnet-1"
                ]
              },
              {
                "name": "vpc-id",
                "values": [
                  "vpc-011e66b8e1b66cf82"
                ]
              }
            ],
            "id": "subnet-049089cd5e6586ffd",
            "ipv6_cidr_block": "",
            "ipv6_cidr_block_association_id": "",
            "ipv6_native": false,
            "map_customer_owned_ip_on_launch": false,
            "map_public_ip_on_launch": true,
            "outpost_arn": "",
            "owner_id": "212684282740",
            "private_dns_hostname_type_on_launch": "ip-name",
            "state": "available",
            "tags": {
              "Name": "public-subnet-1"
            },
            "timeouts": null,
            "vpc_id": "vpc-011e66b8e1b66cf82"
          },
          "sensitive_attributes": []
        }
      ]
    },
    {
      "mode": "data",
      "type": "aws_subnet",
      "name": "public",
      "provider": "provider[\"registry.terraform.io/hashicorp/aws\"]",
      "instances": [
        {
          "schema_version": 0,
          "attributes": {
            "arn": "arn:aws:ec2:eu-west-1:212684282740:subnet/subnet-0fc1f8aa9fbe3fdda",
            "assign_ipv6_address_on_creation": false,
            "availability_zone": "eu-west-1a",
            "availability_zone_id": "euw1-az3",
            "available_ip_address_count": 251,
            "cidr_block": "172.34.0.0/24",
            "customer_owned_ipv4_pool": "",
            "default_for_az": false,
            "enable_dns64": false,
            "enable_lni_at_device_index": 0,
            "enable_resource_name_dns_a_record_on_launch": false,
            "enable_resource_name_dns_aaaa_record_on_launch": false,
            "filter": [
              {
                "name": "tag:Name",
                "values": [
                  "public-subnet-0"
                ]
              },
              {
                "name": "vpc-id",
                "values": [
                  "vpc-011e66b8e1b66cf82"
                ]
              }
            ],
            "id": "subnet-0fc1f8aa9fbe3fdda",
            "ipv6_cidr_block": "",
            "ipv6_cidr_block_association_id": "",
            "ipv6_native": false,
            "map_customer_owned_ip_on_launch": false,
            "map_public_ip_on_launch": true,
            "outpost_arn": "",
            "owner_id": "212684282740",
            "private_dns_hostname_type_on_launch": "ip-name",
            "state": "available",
            "tags": {
              "Name": "public-subnet-0"
            },
            "timeouts": null,
            "vpc_id": "vpc-011e66b8e1b66cf82"
          },
          "sensitive_attributes": []
        }
      ]
    },
    {
      "mode": "data",
      "type": "aws_vpc",
      "name": "existing",
      "provider": "provider[\"registry.terraform.io/hashicorp/aws\"]",
      "instances": [
        {
          "schema_version": 0,
          "attributes": {
            "arn": "arn:aws:ec2:eu-west-1:212684282740:vpc/vpc-011e66b8e1b66cf82",
            "cidr_block": "172.34.0.0/16",
            "cidr_block_associations": [
              {
                "association_id": "vpc-cidr-assoc-0de5c0f03e20075e6",
                "cidr_block": "172.34.0.0/16",
                "state": "associated"
              }
            ],
            "default": false,
            "dhcp_options_id": "dopt-0d6ac5fb4580e7da9",
            "enable_dns_hostnames": true,
            "enable_dns_support": true,
            "enable_network_address_usage_metrics": false,
            "filter": [
              {
                "name": "tag:Name",
                "values": [
                  "devopslab"
                ]
              }
            ],
            "id": "vpc-011e66b8e1b66cf82",
            "instance_tenancy": "default",
            "ipv6_association_id": "",
            "ipv6_cidr_block": "",
            "main_route_table_id": "rtb-05eb1be287d33e68d",
            "owner_id": "212684282740",
            "state": null,
            "tags": {
              "Name": "devopslab"
            },
            "timeouts": null
          },
          "sensitive_attributes": []
        }
      ]
    },
    {
      "mode": "managed",
      "type": "aws_eip",
      "name": "devsecops_eip",
      "provider": "provider[\"registry.terraform.io/hashicorp/aws\"]",
      "instances": [
        {
          "schema_version": 0,
          "attributes": {
            "address": null,
            "allocation_id": "eipalloc-02151d061b62012bd",
            "associate_with_private_ip": null,
            "association_id": "eipassoc-0165e87623282207d",
            "carrier_ip": "",
            "customer_owned_ip": "",
            "customer_owned_ipv4_pool": "",
            "domain": "vpc",
            "id": "eipalloc-02151d061b62012bd",
            "instance": "i-0811fb3b579de5b85",
            "network_border_group": "eu-west-1",
            "network_interface": "eni-0c209a4f2423cb1ff",
            "private_dns": "ip-172-34-0-86.eu-west-1.compute.internal",
            "private_ip": "172.34.0.86",
            "public_dns": "ec2-34-255-139-128.eu-west-1.compute.amazonaws.com",
            "public_ip": "34.255.139.128",
            "public_ipv4_pool": "amazon",
            "tags": {
              "Environment": "default",
              "ManagedBy": "Terraform",
              "Name": "devsecops-server-eip-default",
              "Project": "DevSecOps-Pipeline"
            },
            "tags_all": {
              "Environment": "default",
              "ManagedBy": "Terraform",
              "Name": "devsecops-server-eip-default",
              "Project": "DevSecOps-Pipeline"
            },
            "timeouts": null,
            "vpc": true
          },
          "sensitive_attributes": [],
          "private": "eyJlMmJmYjczMC1lY2FhLTExZTYtOGY4OC0zNDM2M2JjN2M0YzAiOnsiZGVsZXRlIjoxODAwMDAwMDAwMDAsInJlYWQiOjkwMDAwMDAwMDAwMCwidXBkYXRlIjozMDAwMDAwMDAwMDB9fQ==",
          "dependencies": [
            "aws_iam_instance_profile.devsecops_profile",
            "aws_iam_role.devsecops_role",
            "aws_instance.devsecops_server",
            "aws_security_group.devsecops_sg",
            "data.aws_subnet.public",
            "data.aws_vpc.existing"
          ]
        }
      ]
    },
    {
      "mode": "managed",
      "type": "aws_iam_instance_profile",
      "name": "devsecops_profile",
      "provider": "provider[\"registry.terraform.io/hashicorp/aws\"]",
      "instances": [
        {
          "schema_version": 0,
          "attributes": {
            "arn": "arn:aws:iam::212684282740:instance-profile/devsecops-server-profile-default",
            "create_date": "2025-08-16T22:09:31Z",
            "id": "devsecops-server-profile-default",
            "name": "devsecops-server-profile-default",
            "name_prefix": "",
            "path": "/",
            "role": "devsecops-server-role-default",
            "tags": {
              "Environment": "default",
              "ManagedBy": "Terraform",
              "Name": "devsecops-server-profile-default",
              "Project": "DevSecOps-Pipeline"
            },
            "tags_all": {
              "Environment": "default",
              "ManagedBy": "Terraform",
              "Name": "devsecops-server-profile-default",
              "Project": "DevSecOps-Pipeline"
            },
            "unique_id": "AIPATDBHYTN2GW43HHGY7"
          },
          "sensitive_attributes": [],
          "private": "bnVsbA==",
          "dependencies": [
            "aws_iam_role.devsecops_role"
          ]
        }
      ]
    },
    {
      "mode": "managed",
      "type": "aws_iam_role",
      "name": "devsecops_role",
      "provider": "provider[\"registry.terraform.io/hashicorp/aws\"]",
      "instances": [
        {
          "schema_version": 0,
          "attributes": {
            "arn": "arn:aws:iam::212684282740:role/devsecops-server-role-default",
            "assume_role_policy": "{\"Statement\":[{\"Action\":\"sts:AssumeRole\",\"Effect\":\"Allow\",\"Principal\":{\"Service\":\"ec2.amazonaws.com\"}}],\"Version\":\"2012-10-17\"}",
            "create_date": "2025-08-16T22:09:30Z",
            "description": "",
            "force_detach_policies": false,
            "id": "devsecops-server-role-default",
            "inline_policy": [
              {
                "name": "devsecops-server-policy-default",
                "policy": "{\"Version\":\"2012-10-17\",\"Statement\":[{\"Action\":[\"ec2:*\",\"s3:*\",\"iam:*\",\"lambda:*\",\"cloudformation:*\",\"logs:*\",\"cloudwatch:*\",\"sns:*\",\"sqs:*\",\"dynamodb:*\",\"rds:*\",\"elasticloadbalancing:*\",\"autoscaling:*\",\"route53:*\",\"acm:*\",\"secretsmanager:*\",\"ssm:*\",\"sts:*\"],\"Effect\":\"Allow\",\"Resource\":\"*\"}]}"
              }
            ],
            "managed_policy_arns": [],
            "max_session_duration": 3600,
            "name": "devsecops-server-role-default",
            "name_prefix": "",
            "path": "/",
            "permissions_boundary": "",
            "tags": {
              "Environment": "default",
              "ManagedBy": "Terraform",
              "Name": "devsecops-server-role-default",
              "Project": "DevSecOps-Pipeline"
            },
            "tags_all": {
              "Environment": "default",
              "ManagedBy": "Terraform",
              "Name": "devsecops-server-role-default",
              "Project": "DevSecOps-Pipeline"
            },
            "unique_id": "AROATDBHYTN2CS27QOTTV"
          },
          "sensitive_attributes": [],
          "private": "bnVsbA=="
        }
      ]
    },
    {
      "mode": "managed",
      "type": "aws_iam_role_policy",
      "name": "devsecops_policy",
      "provider": "provider[\"registry.terraform.io/hashicorp/aws\"]",
      "instances": [
        {
          "schema_version": 0,
          "attributes": {
            "id": "devsecops-server-role-default:devsecops-server-policy-default",
            "name": "devsecops-server-policy-default",
            "name_prefix": "",
            "policy": "{\"Version\":\"2012-10-17\",\"Statement\":[{\"Action\":[\"ec2:*\",\"s3:*\",\"iam:*\",\"lambda:*\",\"cloudformation:*\",\"logs:*\",\"cloudwatch:*\",\"sns:*\",\"sqs:*\",\"dynamodb:*\",\"rds:*\",\"elasticloadbalancing:*\",\"autoscaling:*\",\"route53:*\",\"acm:*\",\"secretsmanager:*\",\"ssm:*\",\"sts:*\"],\"Effect\":\"Allow\",\"Resource\":\"*\"}]}",
            "role": "devsecops-server-role-default"
          },
          "sensitive_attributes": [],
          "private": "bnVsbA==",
          "dependencies": [
            "aws_iam_role.devsecops_role"
          ]
        }
      ]
    },
    {
      "mode": "managed",
      "type": "aws_instance",
      "name": "devsecops_server",
      "provider": "provider[\"registry.terraform.io/hashicorp/aws\"]",
      "instances": [
        {
          "schema_version": 1,
          "attributes": {
            "ami": "ami-07cb1aa266ef8b45d",
            "arn": "arn:aws:ec2:eu-west-1:212684282740:instance/i-0811fb3b579de5b85",
            "associate_public_ip_address": true,
            "availability_zone": "eu-west-1a",
            "capacity_reservation_specification": [
              {
                "capacity_reservation_preference": "open",
                "capacity_reservation_target": []
              }
            ],
            "cpu_core_count": 1,
            "cpu_options": [
              {
                "amd_sev_snp": "",
                "core_count": 1,
                "threads_per_core": 2
              }
            ],
            "cpu_threads_per_core": 2,
            "credit_specification": [
              {
                "cpu_credits": "unlimited"
              }
            ],
            "disable_api_stop": false,
            "disable_api_termination": false,
            "ebs_block_device": [],
            "ebs_optimized": false,
            "enclave_options": [
              {
                "enabled": false
              }
            ],
            "ephemeral_block_device": [],
            "get_password_data": false,
            "hibernation": false,
            "host_id": "",
            "host_resource_group_arn": null,
            "iam_instance_profile": "devsecops-server-profile-default",
            "id": "i-0811fb3b579de5b85",
            "instance_initiated_shutdown_behavior": "stop",
            "instance_lifecycle": "",
            "instance_market_options": [],
            "instance_state": "running",
            "instance_type": "t3.micro",
            "ipv6_address_count": 0,
            "ipv6_addresses": [],
            "key_name": "opsworx-ie",
            "launch_template": [],
            "maintenance_options": [
              {
                "auto_recovery": "default"
              }
            ],
            "metadata_options": [
              {
                "http_endpoint": "enabled",
                "http_protocol_ipv6": "disabled",
                "http_put_response_hop_limit": 1,
                "http_tokens": "required",
                "instance_metadata_tags": "disabled"
              }
            ],
            "monitoring": false,
            "network_interface": [],
            "outpost_arn": "",
            "password_data": "",
            "placement_group": "",
            "placement_partition_number": 0,
            "primary_network_interface_id": "eni-0c209a4f2423cb1ff",
            "private_dns": "ip-172-34-0-86.eu-west-1.compute.internal",
            "private_dns_name_options": [
              {
                "enable_resource_name_dns_a_record": false,
                "enable_resource_name_dns_aaaa_record": false,
                "hostname_type": "ip-name"
              }
            ],
            "private_ip": "172.34.0.86",
            "public_dns": "ec2-18-203-223-177.eu-west-1.compute.amazonaws.com",
            "public_ip": "18.203.223.177",
            "root_block_device": [
              {
                "delete_on_termination": true,
                "device_name": "/dev/xvda",
                "encrypted": true,
                "iops": 3000,
                "kms_key_id": "arn:aws:kms:eu-west-1:212684282740:key/fcaf2f53-d0ed-4e71-a27e-021300516e10",
                "tags": null,
                "throughput": 125,
                "volume_id": "vol-05e1bd445eaadb07c",
                "volume_size": 30,
                "volume_type": "gp3"
              }
            ],
            "secondary_private_ips": [],
            "security_groups": [],
            "source_dest_check": true,
            "spot_instance_request_id": "",
            "subnet_id": "subnet-0fc1f8aa9fbe3fdda",
            "tags": {
              "Environment": "default",
              "ManagedBy": "Terraform",
              "Name": "DevSecOps-Server-default",
              "Project": "DevSecOps-Pipeline",
              "Role": "DevSecOps-Tools"
            },
            "tags_all": {
              "Environment": "default",
              "ManagedBy": "Terraform",
              "Name": "DevSecOps-Server-default",
              "Project": "DevSecOps-Pipeline",
              "Role": "DevSecOps-Tools"
            },
            "tenancy": "default",
            "timeouts": null,
            "user_data": "70eaeaebfe3ff69f5feae5a0cb58a8fa5c86afb4",
            "user_data_base64": null,
            "user_data_replace_on_change": false,
            "volume_tags": null,
            "vpc_security_group_ids": [
              "sg-03fa347fa8f84c2ea"
            ]
          },
          "sensitive_attributes": [],
          "private": "eyJlMmJmYjczMC1lY2FhLTExZTYtOGY4OC0zNDM2M2JjN2M0YzAiOnsiY3JlYXRlIjo2MDAwMDAwMDAwMDAsImRlbGV0ZSI6MTIwMDAwMDAwMDAwMCwidXBkYXRlIjo2MDAwMDAwMDAwMDB9LCJzY2hlbWFfdmVyc2lvbiI6IjEifQ==",
          "dependencies": [
            "aws_iam_instance_profile.devsecops_profile",
            "aws_iam_role.devsecops_role",
            "aws_security_group.devsecops_sg",
            "data.aws_subnet.public",
            "data.aws_vpc.existing"
          ]
        }
      ]
    },
    {
      "mode": "managed",
      "type": "aws_security_group",
      "name": "devsecops_sg",
      "provider": "provider[\"registry.terraform.io/hashicorp/aws\"]",
      "instances": [
        {
          "schema_version": 1,
          "attributes": {
            "arn": "arn:aws:ec2:eu-west-1:212684282740:security-group/sg-03fa347fa8f84c2ea",
            "description": "Security group for DevSecOps server",
            "egress": [
              {
                "cidr_blocks": [
                  "0.0.0.0/0"
                ],
                "description": "All outbound traffic",
                "from_port": 0,
                "ipv6_cidr_blocks": [],
                "prefix_list_ids": [],
                "protocol": "-1",
                "security_groups": [],
                "self": false,
                "to_port": 0
              }
            ],
            "id": "sg-03fa347fa8f84c2ea",
            "ingress": [
              {
                "cidr_blocks": [
                  "0.0.0.0/0"
                ],
                "description": "HTTP access",
                "from_port": 80,
                "ipv6_cidr_blocks": [],
                "prefix_list_ids": [],
                "protocol": "tcp",
                "security_groups": [],
                "self": false,
                "to_port": 80
              },
              {
                "cidr_blocks": [
                  "0.0.0.0/0"
                ],
                "description": "HTTPS access",
                "from_port": 443,
                "ipv6_cidr_blocks": [],
                "prefix_list_ids": [],
                "protocol": "tcp",
                "security_groups": [],
                "self": false,
                "to_port": 443
              },
              {
                "cidr_blocks": [
                  "0.0.0.0/0"
                ],
                "description": "Jenkins web interface",
                "from_port": 8080,
                "ipv6_cidr_blocks": [],
                "prefix_list_ids": [],
                "protocol": "tcp",
                "security_groups": [],
                "self": false,
                "to_port": 8080
              },
              {
                "cidr_blocks": [
                  "0.0.0.0/0"
                ],
                "description": "SSH access",
                "from_port": 22,
                "ipv6_cidr_blocks": [],
                "prefix_list_ids": [],
                "protocol": "tcp",
                "security_groups": [],
                "self": false,
                "to_port": 22
              },
              {
                "cidr_blocks": [
                  "0.0.0.0/0"
                ],
                "description": "SonarQube web interface",
                "from_port": 9000,
                "ipv6_cidr_blocks": [],
                "prefix_list_ids": [],
                "protocol": "tcp",
                "security_groups": [],
                "self": false,
                "to_port": 9000
              }
            ],
            "name": "devsecops-server-default20250816220929742900000002",
            "name_prefix": "devsecops-server-default",
            "owner_id": "212684282740",
            "revoke_rules_on_delete": false,
            "tags": {
              "Environment": "default",
              "ManagedBy": "Terraform",
              "Name": "devsecops-server-sg-default",
              "Project": "DevSecOps-Pipeline"
            },
            "tags_all": {
              "Environment": "default",
              "ManagedBy": "Terraform",
              "Name": "devsecops-server-sg-default",
              "Project": "DevSecOps-Pipeline"
            },
            "timeouts": null,
            "vpc_id": "vpc-011e66b8e1b66cf82"
          },
          "sensitive_attributes": [],
          "private": "eyJlMmJmYjczMC1lY2FhLTExZTYtOGY4OC0zNDM2M2JjN2M0YzAiOnsiY3JlYXRlIjo2MDAwMDAwMDAwMDAsImRlbGV0ZSI6OTAwMDAwMDAwMDAwfSwic2NoZW1hX3ZlcnNpb24iOiIxIn0=",
          "dependencies": [
            "data.aws_vpc.existing"
          ]
        }
      ]
    }
  ],
  "check_results": null
}
